
Microsoft Visual Studio Solution File, Format Version 12.00
# Visual Studio Version 16
VisualStudioVersion = 16.0.30523.141
MinimumVisualStudioVersion = 10.0.40219.1
Project("{FAE04EC0-301F-11D3-BF4B-00C04F79EFBC}") = "CapaControl", "CapaControl.csproj", "{D299FA8D-A195-4BCB-8A56-E787ACB88CB7}"
EndProject
Global
	GlobalSection(SolutionConfigurationPlatforms) = preSolution
		Debug|Any CPU = Debug|Any CPU
		Release|Any CPU = Release|Any CPU
	EndGlobalSection
	GlobalSection(ProjectConfigurationPlatforms) = postSolution
		{D299FA8D-A195-4BCB-8A56-E787ACB88CB7}.Debug|Any CPU.ActiveCfg = Debug|Any CPU
		{D299FA8D-A195-4BCB-8A56-E787ACB88CB7}.Debug|Any CPU.Build.0 = Debug|Any CPU
		{D299FA8D-A195-4BCB-8A56-E787ACB88CB7}.Release|Any CPU.ActiveCfg = Release|Any CPU
		{D299FA8D-A195-4BCB-8A56-E787ACB88CB7}.Release|Any CPU.Build.0 = Release|Any CPU
	EndGlobalSection
	GlobalSection(SolutionProperties) = preSolution
		HideSolutionNode = FALSE
	EndGlobalSection
	GlobalSection(ExtensibilityGlobals) = postSolution
		SolutionGuid = {BAD48D86-582F-43C3-BA40-71371E3C88E9}
	EndGlobalSection
EndGlobal
